// !$*UTF8*$!
{
	archiveVersion = 1;
	classes = {
	};
	objectVersion = 46;
	objects = {

/* Begin PBXBuildFile section */
		6C655BD11E16FB8700088FAE /* main.m in Sources */ = {isa = PBXBuildFile; fileRef = 6C655BD01E16FB8700088FAE /* main.m */; };
		6C655BD41E16FB8700088FAE /* AppDelegate.m in Sources */ = {isa = PBXBuildFile; fileRef = 6C655BD31E16FB8700088FAE /* AppDelegate.m */; };
		6C655BD71E16FB8700088FAE /* ViewController.m in Sources */ = {isa = PBXBuildFile; fileRef = 6C655BD61E16FB8700088FAE /* ViewController.m */; };
		6C655BDA1E16FB8700088FAE /* Main.storyboard in Resources */ = {isa = PBXBuildFile; fileRef = 6C655BD81E16FB8700088FAE /* Main.storyboard */; };
		6C655BDC1E16FB8700088FAE /* Assets.xcassets in Resources */ = {isa = PBXBuildFile; fileRef = 6C655BDB1E16FB8700088FAE /* Assets.xcassets */; };
		6C655BDF1E16FB8700088FAE /* LaunchScreen.storyboard in Resources */ = {isa = PBXBuildFile; fileRef = 6C655BDD1E16FB8700088FAE /* LaunchScreen.storyboard */; };
/* End PBXBuildFile section */

/* Begin PBXFileReference section */
		6C655BCC1E16FB8700088FAE /* HotelTree.app */ = {isa = PBXFileReference; explicitFileType = wrapper.application; includeInIndex = 0; path = HotelTree.app; sourceTree = BUILT_PRODUCTS_DIR; };
		6C655BD01E16FB8700088FAE /* main.m */ = {isa = PBXFileReference; lastKnownFileType = sourcecode.c.objc; path = main.m; sourceTree = "<group>"; };
		6C655BD21E16FB8700088FAE /* AppDelegate.h */ = {isa = PBXFileReference; lastKnownFileType = sourcecode.c.h; path = AppDelegate.h; sourceTree = "<group>"; };
		6C655BD31E16FB8700088FAE /* AppDelegate.m */ = {isa = PBXFileReference; lastKnownFileType = sourcecode.c.objc; path = AppDelegate.m; sourceTree = "<group>"; };
		6C655BD51E16FB8700088FAE /* ViewController.h */ = {isa = PBXFileReference; lastKnownFileType = sourcecode.c.h; path = ViewController.h; sourceTree = "<group>"; };
		6C655BD61E16FB8700088FAE /* ViewController.m */ = {isa = PBXFileReference; lastKnownFileType = sourcecode.c.objc; path = ViewController.m; sourceTree = "<group>"; };
		6C655BD91E16FB8700088FAE /* Base */ = {isa = PBXFileReference; lastKnownFileType = file.storyboard; name = Base; path = Base.lproj/Main.storyboard; sourceTree = "<group>"; };
		6C655BDB1E16FB8700088FAE /* Assets.xcassets */ = {isa = PBXFileReference; lastKnownFileType = folder.assetcatalog; path = Assets.xcassets; sourceTree = "<group>"; };
		6C655BDE1E16FB8700088FAE /* Base */ = {isa = PBXFileReference; lastKnownFileType = file.storyboard; name = Base; path = Base.lproj/LaunchScreen.storyboard; sourceTree = "<group>"; };
		6C655BE01E16FB8700088FAE /* Info.plist */ = {isa = PBXFileReference; lastKnownFileType = text.plist.xml; path = Info.plist; sourceTree = "<group>"; };
/* End PBXFileReference section */

/* Begin PBXFrameworksBuildPhase section */
		6C655BC91E16FB8700088FAE /* Frameworks */ = {
			isa = PBXFrameworksBuildPhase;
			buildActionMask = 2147483647;
			files = (
			);
			runOnlyForDeploymentPostprocessing = 0;
		};
/* End PBXFrameworksBuildPhase section */

/* Begin PBXGroup section */
		6C655BC31E16FB8700088FAE = {
			isa = PBXGroup;
			children = (
				6C655BCE1E16FB8700088FAE /* HotelTree */,
				6C655BCD1E16FB8700088FAE /* Products */,
			);
			sourceTree = "<group>";
		};
		6C655BCD1E16FB8700088FAE /* Products */ = {
			isa = PBXGroup;
			children = (
				6C655BCC1E16FB8700088FAE /* HotelTree.app */,
			);
			name = Products;
			sourceTree = "<group>";
		};
		6C655BCE1E16FB8700088FAE /* HotelTree */ = {
			isa = PBXGroup;
			children = (
				6C655BD21E16FB8700088FAE /* AppDelegate.h */,
				6C655BD31E16FB8700088FAE /* AppDelegate.m */,
				6C655BD51E16FB8700088FAE /* ViewController.h */,
				6C655BD61E16FB8700088FAE /* ViewController.m */,
				6C655BD81E16FB8700088FAE /* Main.storyboard */,
				6C655BDB1E16FB8700088FAE /* Assets.xcassets */,
				6C655BDD1E16FB8700088FAE /* LaunchScreen.storyboard */,
				6C655BE01E16FB8700088FAE /* Info.plist */,
				6C655BCF1E16FB8700088FAE /* Supporting Files */,
			);
			path = HotelTree;
			sourceTree = "<group>";
		};
		6C655BCF1E16FB8700088FAE /* Supporting Files */ = {
			isa = PBXGroup;
			children = (
				6C655BD01E16FB8700088FAE /* main.m */,
			);
			name = "Supporting Files";
			sourceTree = "<group>";
		};
/* End PBXGroup section */

/* Begin PBXNativeTarget section */
		6C655BCB1E16FB8700088FAE /* HotelTree */ = {
			isa = PBXNativeTarget;
			buildConfigurationList = 6C655BE31E16FB8700088FAE /* Build configuration list for PBXNativeTarget "HotelTree" */;
			buildPhases = (
				6C655BC81E16FB8700088FAE /* Sources */,
				6C655BC91E16FB8700088FAE /* Frameworks */,
				6C655BCA1E16FB8700088FAE /* Resources */,
			);
			buildRules = (
			);
			dependencies = (
			);
			name = HotelTree;
			productName = HotelTree;
			productReference = 6C655BCC1E16FB8700088FAE /* HotelTree.app */;
			productType = "com.apple.product-type.application";
		};
/* End PBXNativeTarget section */

/* Begin PBXProject section */
		6C655BC41E16FB8700088FAE /* Project object */ = {
			isa = PBXProject;
			attributes = {
				LastUpgradeCheck = 0820;
				ORGANIZATIONNAME = com.rjtcompuquest;
				TargetAttributes = {
					6C655BCB1E16FB8700088FAE = {
						CreatedOnToolsVersion = 8.2;
						DevelopmentTeam = SM9HMK5ZEE;
						ProvisioningStyle = Automatic;
					};
				};
			};
			buildConfigurationList = 6C655BC71E16FB8700088FAE /* Build configuration list for PBXProject "HotelTree" */;
			compatibilityVersion = "Xcode 3.2";
			developmentRegion = English;
			hasScannedForEncodings = 0;
			knownRegions = (
				en,
				Base,
			);
			mainGroup = 6C655BC31E16FB8700088FAE;
			productRefGroup = 6C655BCD1E16FB8700088FAE /* Products */;
			projectDirPath = "";
			projectRoot = "";
			targets = (
				6C655BCB1E16FB8700088FAE /* HotelTree */,
			);
		};
/* End PBXProject section */

/* Begin PBXResourcesBuildPhase section */
		6C655BCA1E16FB8700088FAE /* Resources */ = {
			isa = PBXResourcesBuildPhase;
			buildActionMask = 2147483647;
			files = (
				6C655BDF1E16FB8700088FAE /* LaunchScreen.storyboard in Resources */,
				6C655BDC1E16FB8700088FAE /* Assets.xcassets in Resources */,
				6C655BDA1E16FB8700088FAE /* Main.storyboard in Resources */,
			);
			runOnlyForDeploymentPostprocessing = 0;
		};
/* End PBXResourcesBuildPhase section */

/* Begin PBXSourcesBuildPhase section */
		6C655BC81E16FB8700088FAE /* Sources */ = {
			isa = PBXSourcesBuildPhase;
			buildActionMask = 2147483647;
			files = (
				6C655BD71E16FB8700088FAE /* ViewController.m in Sources */,
				6C655BD41E16FB8700088FAE /* AppDelegate.m in Sources */,
				6C655BD11E16FB8700088FAE /* main.m in Sources */,
			);
			runOnlyForDeploymentPostprocessing = 0;
		};
/* End PBXSourcesBuildPhase section */

/* Begin PBXVariantGroup section */
		6C655BD81E16FB8700088FAE /* Main.storyboard */ = {
			isa = PBXVariantGroup;
			children = (
				6C655BD91E16FB8700088FAE /* Base */,
			);
			name = Main.storyboard;
			sourceTree = "<group>";
		};
		6C655BDD1E16FB8700088FAE /* LaunchScreen.storyboard */ = {
			isa = PBXVariantGroup;
			children = (
				6C655BDE1E16FB8700088FAE /* Base */,
			);
			name = LaunchScreen.storyboard;
			sourceTree = "<group>";
		};
/* End PBXVariantGroup section */

/* Begin XCBuildConfiguration section */
		6C655BE11E16FB8700088FAE /* Debug */ = {
			isa = XCBuildConfiguration;
			buildSettings = {
				ALWAYS_SEARCH_USER_PATHS = NO;
				CLANG_ANALYZER_NONNULL = YES;
				CLANG_CXX_LANGUAGE_STANDARD = "gnu++0x";
				CLANG_CXX_LIBRARY = "libc++";
				CLANG_ENABLE_MODULES = YES;
				CLANG_ENABLE_OBJC_ARC = YES;
				CLANG_WARN_BOOL_CONVERSION = YES;
				CLANG_WARN_CONSTANT_CONVERSION = YES;
				CLANG_WARN_DIRECT_OBJC_ISA_USAGE = YES_ERROR;
				CLANG_WARN_DOCUMENTATION_COMMENTS = YES;
				CLANG_WARN_EMPTY_BODY = YES;
				CLANG_WARN_ENUM_CONVERSION = YES;
				CLANG_WARN_INFINITE_RECURSION = YES;
				CLANG_WARN_INT_CONVERSION = YES;
				CLANG_WARN_OBJC_ROOT_CLASS = YES_ERROR;
				CLANG_WARN_SUSPICIOUS_MOVE = YES;
				CLANG_WARN_UNREACHABLE_CODE = YES;
				CLANG_WARN__DUPLICATE_METHOD_MATCH = YES;
				"CODE_SIGN_IDENTITY[sdk=iphoneos*]" = "iPhone Developer";
				COPY_PHASE_STRIP = NO;
				DEBUG_INFORMATION_FORMAT = dwarf;
				ENABLE_STRICT_OBJC_MSGSEND = YES;
				ENABLE_TESTABILITY = YES;
				GCC_C_LANGUAGE_STANDARD = gnu99;
				GCC_DYNAMIC_NO_PIC = NO;
				GCC_NO_COMMON_BLOCKS = YES;
				GCC_OPTIMIZATION_LEVEL = 0;
				GCC_PREPROCESSOR_DEFINITIONS = (
					"DEBUG=1",
					"$(inherited)",
				);
				GCC_WARN_64_TO_32_BIT_CONVERSION = YES;
				GCC_WARN_ABOUT_RETURN_TYPE = YES_ERROR;
				GCC_WARN_UNDECLARED_SELECTOR = YES;
				GCC_WARN_UNINITIALIZED_AUTOS = YES_AGGRESSIVE;
				GCC_WARN_UNUSED_FUNCTION = YES;
				GCC_WARN_UNUSED_VARIABLE = YES;
				IPHONEOS_DEPLOYMENT_TARGET = 10.2;
				MTL_ENABLE_DEBUG_INFO = YES;
				ONLY_ACTIVE_ARCH = YES;
				SDKROOT = iphoneos;
			};
			name = Debug;
		};
		6C655BE21E16FB8700088FAE /* Release */ = {
			isa = XCBuildConfiguration;
			buildSettings = {
				ALWAYS_SEARCH_USER_PATHS = NO;
				CLANG_ANALYZER_NONNULL = YES;
				CLANG_CXX_LANGUAGE_STANDARD = "gnu++0x";
				CLANG_CXX_LIBRARY = "libc++";
				CLANG_ENABLE_MODULES = YES;
				CLANG_ENABLE_OBJC_ARC = YES;
				CLANG_WARN_BOOL_CONVERSION = YES;
				CLANG_WARN_CONSTANT_CONVERSION = YES;
				CLANG_WARN_DIRECT_OBJC_ISA_USAGE = YES_ERROR;
				CLANG_WARN_DOCUMENTATION_COMMENTS = YES;
				CLANG_WARN_EMPTY_BODY = YES;
				CLANG_WARN_ENUM_CONVERSION = YES;
				CLANG_WARN_INFINITE_RECURSION = YES;
				CLANG_WARN_INT_CONVERSION = YES;
				CLANG_WARN_OBJC_ROOT_CLASS = YES_ERROR;
				CLANG_WARN_SUSPICIOUS_MOVE = YES;
				CLANG_WARN_UNREACHABLE_CODE = YES;
				CLANG_WARN__DUPLICATE_METHOD_MATCH = YES;
				"CODE_SIGN_IDENTITY[sdk=iphoneos*]" = "iPhone Developer";
				COPY_PHASE_STRIP = NO;
				DEBUG_INFORMATION_FORMAT = "dwarf-with-dsym";
				ENABLE_NS_ASSERTIONS = NO;
				ENABLE_STRICT_OBJC_MSGSEND = YES;
				GCC_C_LANGUAGE_STANDARD = gnu99;
				GCC_NO_COMMON_BLOCKS = YES;
				GCC_WARN_64_TO_32_BIT_CONVERSION = YES;
				GCC_WARN_ABOUT_RETURN_TYPE = YES_ERROR;
				GCC_WARN_UNDECLARED_SELECTOR = YES;
				GCC_WARN_UNINITIALIZED_AUTOS = YES_AGGRESSIVE;
				GCC_WARN_UNUSED_FUNCTION = YES;
				GCC_WARN_UNUSED_VARIABLE = YES;
				IPHONEOS_DEPLOYMENT_TARGET = 10.2;
				MTL_ENABLE_DEBUG_INFO = NO;
				SDKROOT = iphoneos;
				VALIDATE_PRODUCT = YES;
			};
			name = Release;
		};
		6C655BE41E16FB8700088FAE /* Debug */ = {
			isa = XCBuildConfiguration;
			buildSettings = {
				ASSETCATALOG_COMPILER_APPICON_NAME = AppIcon;
				DEVELOPMENT_TEAM = SM9HMK5ZEE;
				INFOPLIST_FILE = HotelTree/Info.plist;
				LD_RUNPATH_SEARCH_PATHS = "$(inherited) @executable_path/Frameworks";
				PRODUCT_BUNDLE_IDENTIFIER = com.rjt.HotelTree;
				PRODUCT_NAME = "$(TARGET_NAME)";
			};
			name = Debug;
		};
		6C655BE51E16FB8700088FAE /* Release */ = {
			isa = XCBuildConfiguration;
			buildSettings = {
				ASSETCATALOG_COMPILER_APPICON_NAME = AppIcon;
				DEVELOPMENT_TEAM = SM9HMK5ZEE;
				INFOPLIST_FILE = HotelTree/Info.plist;
				LD_RUNPATH_SEARCH_PATHS = "$(inherited) @executable_path/Frameworks";
				PRODUCT_BUNDLE_IDENTIFIER = com.rjt.HotelTree;
				PRODUCT_NAME = "$(TARGET_NAME)";
			};
			name = Release;
		};
/* End XCBuildConfiguration section */

/* Begin XCConfigurationList section */
		6C655BC71E16FB8700088FAE /* Build configuration list for PBXProject "HotelTree" */ = {
			isa = XCConfigurationList;
			buildConfigurations = (
				6C655BE11E16FB8700088FAE /* Debug */,
				6C655BE21E16FB8700088FAE /* Release */,
			);
			defaultConfigurationIsVisible = 0;
			defaultConfigurationName = Release;
		};
		6C655BE31E16FB8700088FAE /* Build configuration list for PBXNativeTarget "HotelTree" */ = {
			isa = XCConfigurationList;
			buildConfigurations = (
				6C655BE41E16FB8700088FAE /* Debug */,
				6C655BE51E16FB8700088FAE /* Release */,
			);
			defaultConfigurationIsVisible = 0;
		};
/* End XCConfigurationList section */
	};
	rootObject = 6C655BC41E16FB8700088FAE /* Project object */;
}
