// !$*UTF8*$!
{
	archiveVersion = 1;
	classes = {
	};
	objectVersion = 46;
	objects = {

/* Begin PBXBuildFile section */
		240B4AE0DDDF130530534838 /* Pods_HotelTree.framework in Frameworks */ = {isa = PBXBuildFile; fileRef = 3C92CA96825446B7E2AB3AA9 /* Pods_HotelTree.framework */; };
		C3ADF57F1E19636500CCB7C8 /* SearchManager.m in Sources */ = {isa = PBXBuildFile; fileRef = C3ADF57C1E19636500CCB7C8 /* SearchManager.m */; };
		C3ADF5801E19636500CCB7C8 /* UserSearchResultViewController.m in Sources */ = {isa = PBXBuildFile; fileRef = C3ADF57E1E19636500CCB7C8 /* UserSearchResultViewController.m */; };
		C3ADF5831E19728E00CCB7C8 /* MapViewController.m in Sources */ = {isa = PBXBuildFile; fileRef = C3ADF5821E19728E00CCB7C8 /* MapViewController.m */; };
		C3ADF5861E19738C00CCB7C8 /* Annotation.m in Sources */ = {isa = PBXBuildFile; fileRef = C3ADF5851E19738C00CCB7C8 /* Annotation.m */; };
		C3ADF58C1E1975C100CCB7C8 /* MKMapView+regionMap.m in Sources */ = {isa = PBXBuildFile; fileRef = C3ADF58B1E1975C100CCB7C8 /* MKMapView+regionMap.m */; };
		C3ADF58F1E1A1A3600CCB7C8 /* SortManager.m in Sources */ = {isa = PBXBuildFile; fileRef = C3ADF58E1E1A1A3600CCB7C8 /* SortManager.m */; };
		C3ADF5A41E1A215600CCB7C8 /* PMCalendarBackgroundView.m in Sources */ = {isa = PBXBuildFile; fileRef = C3ADF5921E1A215600CCB7C8 /* PMCalendarBackgroundView.m */; };
		C3ADF5A51E1A215600CCB7C8 /* PMCalendarController.m in Sources */ = {isa = PBXBuildFile; fileRef = C3ADF5951E1A215600CCB7C8 /* PMCalendarController.m */; };
		C3ADF5A61E1A215600CCB7C8 /* PMCalendarView.m in Sources */ = {isa = PBXBuildFile; fileRef = C3ADF5981E1A215600CCB7C8 /* PMCalendarView.m */; };
		C3ADF5A71E1A215600CCB7C8 /* PMDimmingView.m in Sources */ = {isa = PBXBuildFile; fileRef = C3ADF59A1E1A215600CCB7C8 /* PMDimmingView.m */; };
		C3ADF5A81E1A215600CCB7C8 /* PMPeriod.m in Sources */ = {isa = PBXBuildFile; fileRef = C3ADF59C1E1A215600CCB7C8 /* PMPeriod.m */; };
		C3ADF5A91E1A215600CCB7C8 /* PMSelectionView.m in Sources */ = {isa = PBXBuildFile; fileRef = C3ADF59E1E1A215600CCB7C8 /* PMSelectionView.m */; };
		C3ADF5AA1E1A215600CCB7C8 /* PMThemeEngine.m in Sources */ = {isa = PBXBuildFile; fileRef = C3ADF5A11E1A215600CCB7C8 /* PMThemeEngine.m */; };
		C3ADF5AB1E1A215600CCB7C8 /* PMThemeShadow.m in Sources */ = {isa = PBXBuildFile; fileRef = C3ADF5A31E1A215600CCB7C8 /* PMThemeShadow.m */; };
		C3ADF5B11E1A218800CCB7C8 /* apple calendar.plist in Resources */ = {isa = PBXBuildFile; fileRef = C3ADF5AD1E1A218800CCB7C8 /* apple calendar.plist */; };
		C3ADF5B21E1A218800CCB7C8 /* background.png in Resources */ = {isa = PBXBuildFile; fileRef = C3ADF5AE1E1A218800CCB7C8 /* background.png */; };
		C3ADF5B31E1A218800CCB7C8 /* background@2x.png in Resources */ = {isa = PBXBuildFile; fileRef = C3ADF5AF1E1A218800CCB7C8 /* background@2x.png */; };
		C3ADF5B41E1A218800CCB7C8 /* default.plist in Resources */ = {isa = PBXBuildFile; fileRef = C3ADF5B01E1A218800CCB7C8 /* default.plist */; };
		C3ADF5B71E1A21A200CCB7C8 /* NSDate+Helpers.m in Sources */ = {isa = PBXBuildFile; fileRef = C3ADF5B61E1A21A200CCB7C8 /* NSDate+Helpers.m */; };
		C3ADF5BB1E1A23CB00CCB7C8 /* RequirementViewController.m in Sources */ = {isa = PBXBuildFile; fileRef = C3ADF5BA1E1A23CB00CCB7C8 /* RequirementViewController.m */; };
		C3ADF5BE1E1AECE000CCB7C8 /* DetailViewController.m in Sources */ = {isa = PBXBuildFile; fileRef = C3ADF5BD1E1AECE000CCB7C8 /* DetailViewController.m */; };
		C3ADF5C11E1B2B3D00CCB7C8 /* History.m in Sources */ = {isa = PBXBuildFile; fileRef = C3ADF5C01E1B2B3D00CCB7C8 /* History.m */; };
		C3ADF5C61E1B35E500CCB7C8 /* adv1.gif in Resources */ = {isa = PBXBuildFile; fileRef = C3ADF5C31E1B35E500CCB7C8 /* adv1.gif */; };
		C3ADF5C71E1B35E500CCB7C8 /* adv2.gif in Resources */ = {isa = PBXBuildFile; fileRef = C3ADF5C41E1B35E500CCB7C8 /* adv2.gif */; };
		C3ADF5C91E1B38DC00CCB7C8 /* adv0.gif in Resources */ = {isa = PBXBuildFile; fileRef = C3ADF5C81E1B38DC00CCB7C8 /* adv0.gif */; };
		C3ADF5CB1E1B3E9D00CCB7C8 /* AddressBookUI.framework in Frameworks */ = {isa = PBXBuildFile; fileRef = C3ADF5CA1E1B3E9D00CCB7C8 /* AddressBookUI.framework */; };
		C3ADF5CD1E1B7A5000CCB7C8 /* Assets.xcassets in Resources */ = {isa = PBXBuildFile; fileRef = C3ADF5CC1E1B7A5000CCB7C8 /* Assets.xcassets */; };
		C3ADF5D31E1B821F00CCB7C8 /* background.gif in Resources */ = {isa = PBXBuildFile; fileRef = C3ADF5D21E1B821F00CCB7C8 /* background.gif */; };
		C3DA38361E16F5AC00E1AB83 /* main.m in Sources */ = {isa = PBXBuildFile; fileRef = C3DA38351E16F5AC00E1AB83 /* main.m */; };
		C3DA38391E16F5AC00E1AB83 /* AppDelegate.m in Sources */ = {isa = PBXBuildFile; fileRef = C3DA38381E16F5AC00E1AB83 /* AppDelegate.m */; };
		C3DA383F1E16F5AC00E1AB83 /* Main.storyboard in Resources */ = {isa = PBXBuildFile; fileRef = C3DA383D1E16F5AC00E1AB83 /* Main.storyboard */; };
		C3DA38441E16F5AC00E1AB83 /* LaunchScreen.storyboard in Resources */ = {isa = PBXBuildFile; fileRef = C3DA38421E16F5AC00E1AB83 /* LaunchScreen.storyboard */; };
		C3DA38511E17538000E1AB83 /* SplashTitleAnimationView.m in Sources */ = {isa = PBXBuildFile; fileRef = C3DA38501E17538000E1AB83 /* SplashTitleAnimationView.m */; };
		C3DA385B1E175C6F00E1AB83 /* UIImageView+GIF.m in Sources */ = {isa = PBXBuildFile; fileRef = C3DA385A1E175C6F00E1AB83 /* UIImageView+GIF.m */; };
		C3DA385E1E175D1800E1AB83 /* splash.gif in Resources */ = {isa = PBXBuildFile; fileRef = C3DA385D1E175D1800E1AB83 /* splash.gif */; };
		C3DA38671E17627F00E1AB83 /* ResetViewController.m in Sources */ = {isa = PBXBuildFile; fileRef = C3DA38601E17627F00E1AB83 /* ResetViewController.m */; };
		C3DA38681E17627F00E1AB83 /* ForgotPwdVC.m in Sources */ = {isa = PBXBuildFile; fileRef = C3DA38621E17627F00E1AB83 /* ForgotPwdVC.m */; };
		C3DA38691E17627F00E1AB83 /* RegisterViewController.m in Sources */ = {isa = PBXBuildFile; fileRef = C3DA38641E17627F00E1AB83 /* RegisterViewController.m */; };
		C3DA386A1E17627F00E1AB83 /* LoginViewController.m in Sources */ = {isa = PBXBuildFile; fileRef = C3DA38661E17627F00E1AB83 /* LoginViewController.m */; };
		C3DA386E1E1763F800E1AB83 /* FBSDKCoreKit.framework in Frameworks */ = {isa = PBXBuildFile; fileRef = C3DA386B1E1763F800E1AB83 /* FBSDKCoreKit.framework */; };
		C3DA386F1E1763F800E1AB83 /* FBSDKLoginKit.framework in Frameworks */ = {isa = PBXBuildFile; fileRef = C3DA386C1E1763F800E1AB83 /* FBSDKLoginKit.framework */; };
		C3DA38701E1763F800E1AB83 /* FBSDKShareKit.framework in Frameworks */ = {isa = PBXBuildFile; fileRef = C3DA386D1E1763F800E1AB83 /* FBSDKShareKit.framework */; };
		C3DA38721E17646E00E1AB83 /* Bolts.framework in Frameworks */ = {isa = PBXBuildFile; fileRef = C3DA38711E17646E00E1AB83 /* Bolts.framework */; };
		C3DA38761E176C5A00E1AB83 /* loginBack.gif in Resources */ = {isa = PBXBuildFile; fileRef = C3DA38751E176C5A00E1AB83 /* loginBack.gif */; };
		C3DA38A61E17737100E1AB83 /* SplashViewController.m in Sources */ = {isa = PBXBuildFile; fileRef = C3DA38A41E17737100E1AB83 /* SplashViewController.m */; };
		C3DA38AB1E17738F00E1AB83 /* title1.png in Resources */ = {isa = PBXBuildFile; fileRef = C3DA38A81E17738F00E1AB83 /* title1.png */; };
		C3DA38AC1E17738F00E1AB83 /* title2.png in Resources */ = {isa = PBXBuildFile; fileRef = C3DA38A91E17738F00E1AB83 /* title2.png */; };
		C3DA38AD1E17738F00E1AB83 /* title3.png in Resources */ = {isa = PBXBuildFile; fileRef = C3DA38AA1E17738F00E1AB83 /* title3.png */; };
		C3DA38B51E18501E00E1AB83 /* CustomiseNavController.m in Sources */ = {isa = PBXBuildFile; fileRef = C3DA38B41E18501E00E1AB83 /* CustomiseNavController.m */; };
		C3DA38BB1E18527400E1AB83 /* UIColor+Hexadecimal.m in Sources */ = {isa = PBXBuildFile; fileRef = C3DA38BA1E18527400E1AB83 /* UIColor+Hexadecimal.m */; };
		C3DA38BE1E18563400E1AB83 /* UINavigationBar+Addition.m in Sources */ = {isa = PBXBuildFile; fileRef = C3DA38BD1E18563400E1AB83 /* UINavigationBar+Addition.m */; };
		C3DA38C01E18662E00E1AB83 /* MapKit.framework in Frameworks */ = {isa = PBXBuildFile; fileRef = C3DA38BF1E18662E00E1AB83 /* MapKit.framework */; };
		C3DA38C31E186CA700E1AB83 /* HomeViewController.m in Sources */ = {isa = PBXBuildFile; fileRef = C3DA38C21E186CA700E1AB83 /* HomeViewController.m */; };
		C3DA38C61E186CBD00E1AB83 /* ListViewController.m in Sources */ = {isa = PBXBuildFile; fileRef = C3DA38C51E186CBD00E1AB83 /* ListViewController.m */; };
		C3DA38CF1E18722300E1AB83 /* HomeTableCell.m in Sources */ = {isa = PBXBuildFile; fileRef = C3DA38CE1E18722300E1AB83 /* HomeTableCell.m */; };
		C3DA38D21E18723B00E1AB83 /* ListTableCell.m in Sources */ = {isa = PBXBuildFile; fileRef = C3DA38D11E18723B00E1AB83 /* ListTableCell.m */; };
		C3DA38E01E18B5FC00E1AB83 /* ImageStoreManager.m in Sources */ = {isa = PBXBuildFile; fileRef = C3DA38D71E18B5FC00E1AB83 /* ImageStoreManager.m */; };
		C3DA38E11E18B5FC00E1AB83 /* ModelManager.m in Sources */ = {isa = PBXBuildFile; fileRef = C3DA38D91E18B5FC00E1AB83 /* ModelManager.m */; };
		C3DA38E21E18B5FC00E1AB83 /* User.m in Sources */ = {isa = PBXBuildFile; fileRef = C3DA38DB1E18B5FC00E1AB83 /* User.m */; };
		C3DA38E31E18B5FC00E1AB83 /* Hotel.m in Sources */ = {isa = PBXBuildFile; fileRef = C3DA38DD1E18B5FC00E1AB83 /* Hotel.m */; };
		C3DA38E41E18B5FC00E1AB83 /* Order.m in Sources */ = {isa = PBXBuildFile; fileRef = C3DA38DF1E18B5FC00E1AB83 /* Order.m */; };
		C3DA38E81E18B63E00E1AB83 /* SQLiteManager.m in Sources */ = {isa = PBXBuildFile; fileRef = C3DA38E71E18B63E00E1AB83 /* SQLiteManager.m */; };
		C3DA38ED1E18B66A00E1AB83 /* OrderConfirmViewController.m in Sources */ = {isa = PBXBuildFile; fileRef = C3DA38EA1E18B66A00E1AB83 /* OrderConfirmViewController.m */; };
		C3DA38EE1E18B66A00E1AB83 /* PaymentConfirmViewController.m in Sources */ = {isa = PBXBuildFile; fileRef = C3DA38EC1E18B66A00E1AB83 /* PaymentConfirmViewController.m */; };
		C3DA39031E18B6F900E1AB83 /* WebService.m in Sources */ = {isa = PBXBuildFile; fileRef = C3DA38FB1E18B6F900E1AB83 /* WebService.m */; };
		C3DA39041E18B6F900E1AB83 /* WebServiceProvider.m in Sources */ = {isa = PBXBuildFile; fileRef = C3DA38FD1E18B6F900E1AB83 /* WebServiceProvider.m */; };
		C3DA39071E18B76900E1AB83 /* libsqlite3.0.tbd in Frameworks */ = {isa = PBXBuildFile; fileRef = C3DA39061E18B76900E1AB83 /* libsqlite3.0.tbd */; };
/* End PBXBuildFile section */

/* Begin PBXFileReference section */
		0B6A92A0508B1EB474A6EC72 /* Pods-HotelTree.debug.xcconfig */ = {isa = PBXFileReference; includeInIndex = 1; lastKnownFileType = text.xcconfig; name = "Pods-HotelTree.debug.xcconfig"; path = "Pods/Target Support Files/Pods-HotelTree/Pods-HotelTree.debug.xcconfig"; sourceTree = "<group>"; };
		3C92CA96825446B7E2AB3AA9 /* Pods_HotelTree.framework */ = {isa = PBXFileReference; explicitFileType = wrapper.framework; includeInIndex = 0; path = Pods_HotelTree.framework; sourceTree = BUILT_PRODUCTS_DIR; };
		56D05E330B7EE64E6E7DAEB2 /* Pods-HotelTree.release.xcconfig */ = {isa = PBXFileReference; includeInIndex = 1; lastKnownFileType = text.xcconfig; name = "Pods-HotelTree.release.xcconfig"; path = "Pods/Target Support Files/Pods-HotelTree/Pods-HotelTree.release.xcconfig"; sourceTree = "<group>"; };
		C3ADF57B1E19636500CCB7C8 /* SearchManager.h */ = {isa = PBXFileReference; fileEncoding = 4; lastKnownFileType = sourcecode.c.h; path = SearchManager.h; sourceTree = "<group>"; };
		C3ADF57C1E19636500CCB7C8 /* SearchManager.m */ = {isa = PBXFileReference; fileEncoding = 4; lastKnownFileType = sourcecode.c.objc; path = SearchManager.m; sourceTree = "<group>"; };
		C3ADF57D1E19636500CCB7C8 /* UserSearchResultViewController.h */ = {isa = PBXFileReference; fileEncoding = 4; lastKnownFileType = sourcecode.c.h; path = UserSearchResultViewController.h; sourceTree = "<group>"; };
		C3ADF57E1E19636500CCB7C8 /* UserSearchResultViewController.m */ = {isa = PBXFileReference; fileEncoding = 4; lastKnownFileType = sourcecode.c.objc; path = UserSearchResultViewController.m; sourceTree = "<group>"; };
		C3ADF5811E19728E00CCB7C8 /* MapViewController.h */ = {isa = PBXFileReference; fileEncoding = 4; lastKnownFileType = sourcecode.c.h; path = MapViewController.h; sourceTree = "<group>"; };
		C3ADF5821E19728E00CCB7C8 /* MapViewController.m */ = {isa = PBXFileReference; fileEncoding = 4; lastKnownFileType = sourcecode.c.objc; path = MapViewController.m; sourceTree = "<group>"; };
		C3ADF5841E19738C00CCB7C8 /* Annotation.h */ = {isa = PBXFileReference; fileEncoding = 4; lastKnownFileType = sourcecode.c.h; path = Annotation.h; sourceTree = "<group>"; };
		C3ADF5851E19738C00CCB7C8 /* Annotation.m */ = {isa = PBXFileReference; fileEncoding = 4; lastKnownFileType = sourcecode.c.objc; path = Annotation.m; sourceTree = "<group>"; };
		C3ADF58A1E1975C100CCB7C8 /* MKMapView+regionMap.h */ = {isa = PBXFileReference; fileEncoding = 4; lastKnownFileType = sourcecode.c.h; path = "MKMapView+regionMap.h"; sourceTree = "<group>"; };
		C3ADF58B1E1975C100CCB7C8 /* MKMapView+regionMap.m */ = {isa = PBXFileReference; fileEncoding = 4; lastKnownFileType = sourcecode.c.objc; path = "MKMapView+regionMap.m"; sourceTree = "<group>"; };
		C3ADF58D1E1A1A3600CCB7C8 /* SortManager.h */ = {isa = PBXFileReference; fileEncoding = 4; lastKnownFileType = sourcecode.c.h; path = SortManager.h; sourceTree = "<group>"; };
		C3ADF58E1E1A1A3600CCB7C8 /* SortManager.m */ = {isa = PBXFileReference; fileEncoding = 4; lastKnownFileType = sourcecode.c.objc; path = SortManager.m; sourceTree = "<group>"; };
		C3ADF5901E1A215600CCB7C8 /* PMCalendar.h */ = {isa = PBXFileReference; fileEncoding = 4; lastKnownFileType = sourcecode.c.h; path = PMCalendar.h; sourceTree = "<group>"; };
		C3ADF5911E1A215600CCB7C8 /* PMCalendarBackgroundView.h */ = {isa = PBXFileReference; fileEncoding = 4; lastKnownFileType = sourcecode.c.h; path = PMCalendarBackgroundView.h; sourceTree = "<group>"; };
		C3ADF5921E1A215600CCB7C8 /* PMCalendarBackgroundView.m */ = {isa = PBXFileReference; fileEncoding = 4; lastKnownFileType = sourcecode.c.objc; path = PMCalendarBackgroundView.m; sourceTree = "<group>"; };
		C3ADF5931E1A215600CCB7C8 /* PMCalendarConstants.h */ = {isa = PBXFileReference; fileEncoding = 4; lastKnownFileType = sourcecode.c.h; path = PMCalendarConstants.h; sourceTree = "<group>"; };
		C3ADF5941E1A215600CCB7C8 /* PMCalendarController.h */ = {isa = PBXFileReference; fileEncoding = 4; lastKnownFileType = sourcecode.c.h; path = PMCalendarController.h; sourceTree = "<group>"; };
		C3ADF5951E1A215600CCB7C8 /* PMCalendarController.m */ = {isa = PBXFileReference; fileEncoding = 4; lastKnownFileType = sourcecode.c.objc; path = PMCalendarController.m; sourceTree = "<group>"; };
		C3ADF5961E1A215600CCB7C8 /* PMCalendarHelpers.h */ = {isa = PBXFileReference; fileEncoding = 4; lastKnownFileType = sourcecode.c.h; path = PMCalendarHelpers.h; sourceTree = "<group>"; };
		C3ADF5971E1A215600CCB7C8 /* PMCalendarView.h */ = {isa = PBXFileReference; fileEncoding = 4; lastKnownFileType = sourcecode.c.h; path = PMCalendarView.h; sourceTree = "<group>"; };
		C3ADF5981E1A215600CCB7C8 /* PMCalendarView.m */ = {isa = PBXFileReference; fileEncoding = 4; lastKnownFileType = sourcecode.c.objc; path = PMCalendarView.m; sourceTree = "<group>"; };
		C3ADF5991E1A215600CCB7C8 /* PMDimmingView.h */ = {isa = PBXFileReference; fileEncoding = 4; lastKnownFileType = sourcecode.c.h; path = PMDimmingView.h; sourceTree = "<group>"; };
		C3ADF59A1E1A215600CCB7C8 /* PMDimmingView.m */ = {isa = PBXFileReference; fileEncoding = 4; lastKnownFileType = sourcecode.c.objc; path = PMDimmingView.m; sourceTree = "<group>"; };
		C3ADF59B1E1A215600CCB7C8 /* PMPeriod.h */ = {isa = PBXFileReference; fileEncoding = 4; lastKnownFileType = sourcecode.c.h; path = PMPeriod.h; sourceTree = "<group>"; };
		C3ADF59C1E1A215600CCB7C8 /* PMPeriod.m */ = {isa = PBXFileReference; fileEncoding = 4; lastKnownFileType = sourcecode.c.objc; path = PMPeriod.m; sourceTree = "<group>"; };
		C3ADF59D1E1A215600CCB7C8 /* PMSelectionView.h */ = {isa = PBXFileReference; fileEncoding = 4; lastKnownFileType = sourcecode.c.h; path = PMSelectionView.h; sourceTree = "<group>"; };
		C3ADF59E1E1A215600CCB7C8 /* PMSelectionView.m */ = {isa = PBXFileReference; fileEncoding = 4; lastKnownFileType = sourcecode.c.objc; path = PMSelectionView.m; sourceTree = "<group>"; };
		C3ADF59F1E1A215600CCB7C8 /* PMTheme.h */ = {isa = PBXFileReference; fileEncoding = 4; lastKnownFileType = sourcecode.c.h; path = PMTheme.h; sourceTree = "<group>"; };
		C3ADF5A01E1A215600CCB7C8 /* PMThemeEngine.h */ = {isa = PBXFileReference; fileEncoding = 4; lastKnownFileType = sourcecode.c.h; path = PMThemeEngine.h; sourceTree = "<group>"; };
		C3ADF5A11E1A215600CCB7C8 /* PMThemeEngine.m */ = {isa = PBXFileReference; fileEncoding = 4; lastKnownFileType = sourcecode.c.objc; path = PMThemeEngine.m; sourceTree = "<group>"; };
		C3ADF5A21E1A215600CCB7C8 /* PMThemeShadow.h */ = {isa = PBXFileReference; fileEncoding = 4; lastKnownFileType = sourcecode.c.h; path = PMThemeShadow.h; sourceTree = "<group>"; };
		C3ADF5A31E1A215600CCB7C8 /* PMThemeShadow.m */ = {isa = PBXFileReference; fileEncoding = 4; lastKnownFileType = sourcecode.c.objc; path = PMThemeShadow.m; sourceTree = "<group>"; };
		C3ADF5AD1E1A218800CCB7C8 /* apple calendar.plist */ = {isa = PBXFileReference; fileEncoding = 4; lastKnownFileType = text.plist.xml; path = "apple calendar.plist"; sourceTree = "<group>"; };
		C3ADF5AE1E1A218800CCB7C8 /* background.png */ = {isa = PBXFileReference; lastKnownFileType = image.png; path = background.png; sourceTree = "<group>"; };
		C3ADF5AF1E1A218800CCB7C8 /* background@2x.png */ = {isa = PBXFileReference; lastKnownFileType = image.png; path = "background@2x.png"; sourceTree = "<group>"; };
		C3ADF5B01E1A218800CCB7C8 /* default.plist */ = {isa = PBXFileReference; fileEncoding = 4; lastKnownFileType = text.plist.xml; path = default.plist; sourceTree = "<group>"; };
		C3ADF5B51E1A21A200CCB7C8 /* NSDate+Helpers.h */ = {isa = PBXFileReference; fileEncoding = 4; lastKnownFileType = sourcecode.c.h; path = "NSDate+Helpers.h"; sourceTree = "<group>"; };
		C3ADF5B61E1A21A200CCB7C8 /* NSDate+Helpers.m */ = {isa = PBXFileReference; fileEncoding = 4; lastKnownFileType = sourcecode.c.objc; path = "NSDate+Helpers.m"; sourceTree = "<group>"; };
		C3ADF5B91E1A23CB00CCB7C8 /* RequirementViewController.h */ = {isa = PBXFileReference; fileEncoding = 4; lastKnownFileType = sourcecode.c.h; path = RequirementViewController.h; sourceTree = "<group>"; };
		C3ADF5BA1E1A23CB00CCB7C8 /* RequirementViewController.m */ = {isa = PBXFileReference; fileEncoding = 4; lastKnownFileType = sourcecode.c.objc; path = RequirementViewController.m; sourceTree = "<group>"; };
		C3ADF5BC1E1AECE000CCB7C8 /* DetailViewController.h */ = {isa = PBXFileReference; fileEncoding = 4; lastKnownFileType = sourcecode.c.h; path = DetailViewController.h; sourceTree = "<group>"; };
		C3ADF5BD1E1AECE000CCB7C8 /* DetailViewController.m */ = {isa = PBXFileReference; fileEncoding = 4; lastKnownFileType = sourcecode.c.objc; path = DetailViewController.m; sourceTree = "<group>"; };
		C3ADF5BF1E1B2B3D00CCB7C8 /* History.h */ = {isa = PBXFileReference; fileEncoding = 4; lastKnownFileType = sourcecode.c.h; path = History.h; sourceTree = "<group>"; };
		C3ADF5C01E1B2B3D00CCB7C8 /* History.m */ = {isa = PBXFileReference; fileEncoding = 4; lastKnownFileType = sourcecode.c.objc; path = History.m; sourceTree = "<group>"; };
		C3ADF5C31E1B35E500CCB7C8 /* adv1.gif */ = {isa = PBXFileReference; lastKnownFileType = image.gif; path = adv1.gif; sourceTree = "<group>"; };
		C3ADF5C41E1B35E500CCB7C8 /* adv2.gif */ = {isa = PBXFileReference; lastKnownFileType = image.gif; path = adv2.gif; sourceTree = "<group>"; };
		C3ADF5C81E1B38DC00CCB7C8 /* adv0.gif */ = {isa = PBXFileReference; lastKnownFileType = image.gif; path = adv0.gif; sourceTree = "<group>"; };
		C3ADF5CA1E1B3E9D00CCB7C8 /* AddressBookUI.framework */ = {isa = PBXFileReference; lastKnownFileType = wrapper.framework; name = AddressBookUI.framework; path = System/Library/Frameworks/AddressBookUI.framework; sourceTree = SDKROOT; };
		C3ADF5CC1E1B7A5000CCB7C8 /* Assets.xcassets */ = {isa = PBXFileReference; lastKnownFileType = folder.assetcatalog; path = Assets.xcassets; sourceTree = "<group>"; };
		C3ADF5D21E1B821F00CCB7C8 /* background.gif */ = {isa = PBXFileReference; lastKnownFileType = image.gif; path = background.gif; sourceTree = "<group>"; };
		C3DA38311E16F5AC00E1AB83 /* HotelTree.app */ = {isa = PBXFileReference; explicitFileType = wrapper.application; includeInIndex = 0; path = HotelTree.app; sourceTree = BUILT_PRODUCTS_DIR; };
		C3DA38351E16F5AC00E1AB83 /* main.m */ = {isa = PBXFileReference; lastKnownFileType = sourcecode.c.objc; path = main.m; sourceTree = "<group>"; };
		C3DA38371E16F5AC00E1AB83 /* AppDelegate.h */ = {isa = PBXFileReference; lastKnownFileType = sourcecode.c.h; path = AppDelegate.h; sourceTree = "<group>"; };
		C3DA38381E16F5AC00E1AB83 /* AppDelegate.m */ = {isa = PBXFileReference; lastKnownFileType = sourcecode.c.objc; path = AppDelegate.m; sourceTree = "<group>"; };
		C3DA383E1E16F5AC00E1AB83 /* Base */ = {isa = PBXFileReference; lastKnownFileType = file.storyboard; name = Base; path = Base.lproj/Main.storyboard; sourceTree = "<group>"; };
		C3DA38431E16F5AC00E1AB83 /* Base */ = {isa = PBXFileReference; lastKnownFileType = file.storyboard; name = Base; path = Base.lproj/LaunchScreen.storyboard; sourceTree = "<group>"; };
		C3DA38451E16F5AC00E1AB83 /* Info.plist */ = {isa = PBXFileReference; lastKnownFileType = text.plist.xml; path = Info.plist; sourceTree = "<group>"; };
		C3DA384F1E17538000E1AB83 /* SplashTitleAnimationView.h */ = {isa = PBXFileReference; fileEncoding = 4; lastKnownFileType = sourcecode.c.h; path = SplashTitleAnimationView.h; sourceTree = "<group>"; };
		C3DA38501E17538000E1AB83 /* SplashTitleAnimationView.m */ = {isa = PBXFileReference; fileEncoding = 4; lastKnownFileType = sourcecode.c.objc; path = SplashTitleAnimationView.m; sourceTree = "<group>"; };
		C3DA38591E175C6F00E1AB83 /* UIImageView+GIF.h */ = {isa = PBXFileReference; fileEncoding = 4; lastKnownFileType = sourcecode.c.h; path = "UIImageView+GIF.h"; sourceTree = "<group>"; };
		C3DA385A1E175C6F00E1AB83 /* UIImageView+GIF.m */ = {isa = PBXFileReference; fileEncoding = 4; lastKnownFileType = sourcecode.c.objc; path = "UIImageView+GIF.m"; sourceTree = "<group>"; };
		C3DA385D1E175D1800E1AB83 /* splash.gif */ = {isa = PBXFileReference; lastKnownFileType = image.gif; path = splash.gif; sourceTree = "<group>"; };
		C3DA385F1E17627F00E1AB83 /* ResetViewController.h */ = {isa = PBXFileReference; fileEncoding = 4; lastKnownFileType = sourcecode.c.h; path = ResetViewController.h; sourceTree = "<group>"; };
		C3DA38601E17627F00E1AB83 /* ResetViewController.m */ = {isa = PBXFileReference; fileEncoding = 4; lastKnownFileType = sourcecode.c.objc; path = ResetViewController.m; sourceTree = "<group>"; };
		C3DA38611E17627F00E1AB83 /* ForgotPwdVC.h */ = {isa = PBXFileReference; fileEncoding = 4; lastKnownFileType = sourcecode.c.h; path = ForgotPwdVC.h; sourceTree = "<group>"; };
		C3DA38621E17627F00E1AB83 /* ForgotPwdVC.m */ = {isa = PBXFileReference; fileEncoding = 4; lastKnownFileType = sourcecode.c.objc; path = ForgotPwdVC.m; sourceTree = "<group>"; };
		C3DA38631E17627F00E1AB83 /* RegisterViewController.h */ = {isa = PBXFileReference; fileEncoding = 4; lastKnownFileType = sourcecode.c.h; path = RegisterViewController.h; sourceTree = "<group>"; };
		C3DA38641E17627F00E1AB83 /* RegisterViewController.m */ = {isa = PBXFileReference; fileEncoding = 4; lastKnownFileType = sourcecode.c.objc; path = RegisterViewController.m; sourceTree = "<group>"; };
		C3DA38651E17627F00E1AB83 /* LoginViewController.h */ = {isa = PBXFileReference; fileEncoding = 4; lastKnownFileType = sourcecode.c.h; path = LoginViewController.h; sourceTree = "<group>"; };
		C3DA38661E17627F00E1AB83 /* LoginViewController.m */ = {isa = PBXFileReference; fileEncoding = 4; lastKnownFileType = sourcecode.c.objc; path = LoginViewController.m; sourceTree = "<group>"; };
		C3DA386B1E1763F800E1AB83 /* FBSDKCoreKit.framework */ = {isa = PBXFileReference; lastKnownFileType = wrapper.framework; path = FBSDKCoreKit.framework; sourceTree = "<group>"; };
		C3DA386C1E1763F800E1AB83 /* FBSDKLoginKit.framework */ = {isa = PBXFileReference; lastKnownFileType = wrapper.framework; path = FBSDKLoginKit.framework; sourceTree = "<group>"; };
		C3DA386D1E1763F800E1AB83 /* FBSDKShareKit.framework */ = {isa = PBXFileReference; lastKnownFileType = wrapper.framework; path = FBSDKShareKit.framework; sourceTree = "<group>"; };
		C3DA38711E17646E00E1AB83 /* Bolts.framework */ = {isa = PBXFileReference; lastKnownFileType = wrapper.framework; path = Bolts.framework; sourceTree = "<group>"; };
		C3DA38751E176C5A00E1AB83 /* loginBack.gif */ = {isa = PBXFileReference; lastKnownFileType = image.gif; path = loginBack.gif; sourceTree = "<group>"; };
		C3DA38A41E17737100E1AB83 /* SplashViewController.m */ = {isa = PBXFileReference; fileEncoding = 4; lastKnownFileType = sourcecode.c.objc; path = SplashViewController.m; sourceTree = "<group>"; };
		C3DA38A51E17737100E1AB83 /* SplashViewController.h */ = {isa = PBXFileReference; fileEncoding = 4; lastKnownFileType = sourcecode.c.h; path = SplashViewController.h; sourceTree = "<group>"; };
		C3DA38A81E17738F00E1AB83 /* title1.png */ = {isa = PBXFileReference; lastKnownFileType = image.png; path = title1.png; sourceTree = "<group>"; };
		C3DA38A91E17738F00E1AB83 /* title2.png */ = {isa = PBXFileReference; lastKnownFileType = image.png; path = title2.png; sourceTree = "<group>"; };
		C3DA38AA1E17738F00E1AB83 /* title3.png */ = {isa = PBXFileReference; lastKnownFileType = image.png; path = title3.png; sourceTree = "<group>"; };
		C3DA38B31E18501E00E1AB83 /* CustomiseNavController.h */ = {isa = PBXFileReference; fileEncoding = 4; lastKnownFileType = sourcecode.c.h; path = CustomiseNavController.h; sourceTree = "<group>"; };
		C3DA38B41E18501E00E1AB83 /* CustomiseNavController.m */ = {isa = PBXFileReference; fileEncoding = 4; lastKnownFileType = sourcecode.c.objc; path = CustomiseNavController.m; sourceTree = "<group>"; };
		C3DA38B91E18527400E1AB83 /* UIColor+Hexadecimal.h */ = {isa = PBXFileReference; fileEncoding = 4; lastKnownFileType = sourcecode.c.h; path = "UIColor+Hexadecimal.h"; sourceTree = "<group>"; };
		C3DA38BA1E18527400E1AB83 /* UIColor+Hexadecimal.m */ = {isa = PBXFileReference; fileEncoding = 4; lastKnownFileType = sourcecode.c.objc; path = "UIColor+Hexadecimal.m"; sourceTree = "<group>"; };
		C3DA38BC1E18563400E1AB83 /* UINavigationBar+Addition.h */ = {isa = PBXFileReference; fileEncoding = 4; lastKnownFileType = sourcecode.c.h; path = "UINavigationBar+Addition.h"; sourceTree = "<group>"; };
		C3DA38BD1E18563400E1AB83 /* UINavigationBar+Addition.m */ = {isa = PBXFileReference; fileEncoding = 4; lastKnownFileType = sourcecode.c.objc; path = "UINavigationBar+Addition.m"; sourceTree = "<group>"; };
		C3DA38BF1E18662E00E1AB83 /* MapKit.framework */ = {isa = PBXFileReference; lastKnownFileType = wrapper.framework; name = MapKit.framework; path = System/Library/Frameworks/MapKit.framework; sourceTree = SDKROOT; };
		C3DA38C11E186CA700E1AB83 /* HomeViewController.h */ = {isa = PBXFileReference; fileEncoding = 4; lastKnownFileType = sourcecode.c.h; path = HomeViewController.h; sourceTree = "<group>"; };
		C3DA38C21E186CA700E1AB83 /* HomeViewController.m */ = {isa = PBXFileReference; fileEncoding = 4; lastKnownFileType = sourcecode.c.objc; path = HomeViewController.m; sourceTree = "<group>"; };
		C3DA38C41E186CBD00E1AB83 /* ListViewController.h */ = {isa = PBXFileReference; fileEncoding = 4; lastKnownFileType = sourcecode.c.h; path = ListViewController.h; sourceTree = "<group>"; };
		C3DA38C51E186CBD00E1AB83 /* ListViewController.m */ = {isa = PBXFileReference; fileEncoding = 4; lastKnownFileType = sourcecode.c.objc; path = ListViewController.m; sourceTree = "<group>"; };
		C3DA38CD1E18722300E1AB83 /* HomeTableCell.h */ = {isa = PBXFileReference; fileEncoding = 4; lastKnownFileType = sourcecode.c.h; path = HomeTableCell.h; sourceTree = "<group>"; };
		C3DA38CE1E18722300E1AB83 /* HomeTableCell.m */ = {isa = PBXFileReference; fileEncoding = 4; lastKnownFileType = sourcecode.c.objc; path = HomeTableCell.m; sourceTree = "<group>"; };
		C3DA38D01E18723B00E1AB83 /* ListTableCell.h */ = {isa = PBXFileReference; fileEncoding = 4; lastKnownFileType = sourcecode.c.h; path = ListTableCell.h; sourceTree = "<group>"; };
		C3DA38D11E18723B00E1AB83 /* ListTableCell.m */ = {isa = PBXFileReference; fileEncoding = 4; lastKnownFileType = sourcecode.c.objc; path = ListTableCell.m; sourceTree = "<group>"; };
		C3DA38D61E18B5FC00E1AB83 /* ImageStoreManager.h */ = {isa = PBXFileReference; fileEncoding = 4; lastKnownFileType = sourcecode.c.h; path = ImageStoreManager.h; sourceTree = "<group>"; };
		C3DA38D71E18B5FC00E1AB83 /* ImageStoreManager.m */ = {isa = PBXFileReference; fileEncoding = 4; lastKnownFileType = sourcecode.c.objc; path = ImageStoreManager.m; sourceTree = "<group>"; };
		C3DA38D81E18B5FC00E1AB83 /* ModelManager.h */ = {isa = PBXFileReference; fileEncoding = 4; lastKnownFileType = sourcecode.c.h; path = ModelManager.h; sourceTree = "<group>"; };
		C3DA38D91E18B5FC00E1AB83 /* ModelManager.m */ = {isa = PBXFileReference; fileEncoding = 4; lastKnownFileType = sourcecode.c.objc; path = ModelManager.m; sourceTree = "<group>"; };
		C3DA38DA1E18B5FC00E1AB83 /* User.h */ = {isa = PBXFileReference; fileEncoding = 4; lastKnownFileType = sourcecode.c.h; path = User.h; sourceTree = "<group>"; };
		C3DA38DB1E18B5FC00E1AB83 /* User.m */ = {isa = PBXFileReference; fileEncoding = 4; lastKnownFileType = sourcecode.c.objc; path = User.m; sourceTree = "<group>"; };
		C3DA38DC1E18B5FC00E1AB83 /* Hotel.h */ = {isa = PBXFileReference; fileEncoding = 4; lastKnownFileType = sourcecode.c.h; path = Hotel.h; sourceTree = "<group>"; };
		C3DA38DD1E18B5FC00E1AB83 /* Hotel.m */ = {isa = PBXFileReference; fileEncoding = 4; lastKnownFileType = sourcecode.c.objc; path = Hotel.m; sourceTree = "<group>"; };
		C3DA38DE1E18B5FC00E1AB83 /* Order.h */ = {isa = PBXFileReference; fileEncoding = 4; lastKnownFileType = sourcecode.c.h; path = Order.h; sourceTree = "<group>"; };
		C3DA38DF1E18B5FC00E1AB83 /* Order.m */ = {isa = PBXFileReference; fileEncoding = 4; lastKnownFileType = sourcecode.c.objc; path = Order.m; sourceTree = "<group>"; };
		C3DA38E61E18B63E00E1AB83 /* SQLiteManager.h */ = {isa = PBXFileReference; fileEncoding = 4; lastKnownFileType = sourcecode.c.h; path = SQLiteManager.h; sourceTree = "<group>"; };
		C3DA38E71E18B63E00E1AB83 /* SQLiteManager.m */ = {isa = PBXFileReference; fileEncoding = 4; lastKnownFileType = sourcecode.c.objc; path = SQLiteManager.m; sourceTree = "<group>"; };
		C3DA38E91E18B66A00E1AB83 /* OrderConfirmViewController.h */ = {isa = PBXFileReference; fileEncoding = 4; lastKnownFileType = sourcecode.c.h; path = OrderConfirmViewController.h; sourceTree = "<group>"; };
		C3DA38EA1E18B66A00E1AB83 /* OrderConfirmViewController.m */ = {isa = PBXFileReference; fileEncoding = 4; lastKnownFileType = sourcecode.c.objc; path = OrderConfirmViewController.m; sourceTree = "<group>"; };
		C3DA38EB1E18B66A00E1AB83 /* PaymentConfirmViewController.h */ = {isa = PBXFileReference; fileEncoding = 4; lastKnownFileType = sourcecode.c.h; path = PaymentConfirmViewController.h; sourceTree = "<group>"; };
		C3DA38EC1E18B66A00E1AB83 /* PaymentConfirmViewController.m */ = {isa = PBXFileReference; fileEncoding = 4; lastKnownFileType = sourcecode.c.objc; path = PaymentConfirmViewController.m; sourceTree = "<group>"; };
		C3DA38F91E18B6F900E1AB83 /* WebCommunicatioin.h */ = {isa = PBXFileReference; fileEncoding = 4; lastKnownFileType = sourcecode.c.h; path = WebCommunicatioin.h; sourceTree = "<group>"; };
		C3DA38FA1E18B6F900E1AB83 /* WebService.h */ = {isa = PBXFileReference; fileEncoding = 4; lastKnownFileType = sourcecode.c.h; path = WebService.h; sourceTree = "<group>"; };
		C3DA38FB1E18B6F900E1AB83 /* WebService.m */ = {isa = PBXFileReference; fileEncoding = 4; lastKnownFileType = sourcecode.c.objc; path = WebService.m; sourceTree = "<group>"; };
		C3DA38FC1E18B6F900E1AB83 /* WebServiceProvider.h */ = {isa = PBXFileReference; fileEncoding = 4; lastKnownFileType = sourcecode.c.h; path = WebServiceProvider.h; sourceTree = "<group>"; };
		C3DA38FD1E18B6F900E1AB83 /* WebServiceProvider.m */ = {isa = PBXFileReference; fileEncoding = 4; lastKnownFileType = sourcecode.c.objc; path = WebServiceProvider.m; sourceTree = "<group>"; };
		C3DA39061E18B76900E1AB83 /* libsqlite3.0.tbd */ = {isa = PBXFileReference; lastKnownFileType = "sourcecode.text-based-dylib-definition"; name = libsqlite3.0.tbd; path = usr/lib/libsqlite3.0.tbd; sourceTree = SDKROOT; };
/* End PBXFileReference section */

/* Begin PBXFrameworksBuildPhase section */
		C3DA382E1E16F5AC00E1AB83 /* Frameworks */ = {
			isa = PBXFrameworksBuildPhase;
			buildActionMask = 2147483647;
			files = (
				C3ADF5CB1E1B3E9D00CCB7C8 /* AddressBookUI.framework in Frameworks */,
				C3DA38C01E18662E00E1AB83 /* MapKit.framework in Frameworks */,
				C3DA39071E18B76900E1AB83 /* libsqlite3.0.tbd in Frameworks */,
				C3DA38721E17646E00E1AB83 /* Bolts.framework in Frameworks */,
				C3DA386E1E1763F800E1AB83 /* FBSDKCoreKit.framework in Frameworks */,
				C3DA386F1E1763F800E1AB83 /* FBSDKLoginKit.framework in Frameworks */,
				C3DA38701E1763F800E1AB83 /* FBSDKShareKit.framework in Frameworks */,
				240B4AE0DDDF130530534838 /* Pods_HotelTree.framework in Frameworks */,
			);
			runOnlyForDeploymentPostprocessing = 0;
		};
/* End PBXFrameworksBuildPhase section */

/* Begin PBXGroup section */
		0C5A69AC0C3370E23F09137F /* Frameworks */ = {
			isa = PBXGroup;
			children = (
				C3ADF5CA1E1B3E9D00CCB7C8 /* AddressBookUI.framework */,
				C3DA39061E18B76900E1AB83 /* libsqlite3.0.tbd */,
				C3DA38BF1E18662E00E1AB83 /* MapKit.framework */,
				C3DA38711E17646E00E1AB83 /* Bolts.framework */,
				C3DA386B1E1763F800E1AB83 /* FBSDKCoreKit.framework */,
				C3DA386C1E1763F800E1AB83 /* FBSDKLoginKit.framework */,
				C3DA386D1E1763F800E1AB83 /* FBSDKShareKit.framework */,
				3C92CA96825446B7E2AB3AA9 /* Pods_HotelTree.framework */,
			);
			name = Frameworks;
			sourceTree = "<group>";
		};
		A279DA5B8C765CBA65D4E1CF /* Pods */ = {
			isa = PBXGroup;
			children = (
				0B6A92A0508B1EB474A6EC72 /* Pods-HotelTree.debug.xcconfig */,
				56D05E330B7EE64E6E7DAEB2 /* Pods-HotelTree.release.xcconfig */,
			);
			name = Pods;
			sourceTree = "<group>";
		};
		C3ADF5AC1E1A215F00CCB7C8 /* Calendar */ = {
			isa = PBXGroup;
			children = (
				C3ADF5AD1E1A218800CCB7C8 /* apple calendar.plist */,
				C3ADF5AE1E1A218800CCB7C8 /* background.png */,
				C3ADF5AF1E1A218800CCB7C8 /* background@2x.png */,
				C3ADF5B01E1A218800CCB7C8 /* default.plist */,
				C3ADF5901E1A215600CCB7C8 /* PMCalendar.h */,
				C3ADF5911E1A215600CCB7C8 /* PMCalendarBackgroundView.h */,
				C3ADF5921E1A215600CCB7C8 /* PMCalendarBackgroundView.m */,
				C3ADF5931E1A215600CCB7C8 /* PMCalendarConstants.h */,
				C3ADF5941E1A215600CCB7C8 /* PMCalendarController.h */,
				C3ADF5951E1A215600CCB7C8 /* PMCalendarController.m */,
				C3ADF5961E1A215600CCB7C8 /* PMCalendarHelpers.h */,
				C3ADF5971E1A215600CCB7C8 /* PMCalendarView.h */,
				C3ADF5981E1A215600CCB7C8 /* PMCalendarView.m */,
				C3ADF5991E1A215600CCB7C8 /* PMDimmingView.h */,
				C3ADF59A1E1A215600CCB7C8 /* PMDimmingView.m */,
				C3ADF59B1E1A215600CCB7C8 /* PMPeriod.h */,
				C3ADF59C1E1A215600CCB7C8 /* PMPeriod.m */,
				C3ADF59D1E1A215600CCB7C8 /* PMSelectionView.h */,
				C3ADF59E1E1A215600CCB7C8 /* PMSelectionView.m */,
				C3ADF5B81E1A221800CCB7C8 /* Theme */,
			);
			name = Calendar;
			sourceTree = "<group>";
		};
		C3ADF5B81E1A221800CCB7C8 /* Theme */ = {
			isa = PBXGroup;
			children = (
				C3ADF59F1E1A215600CCB7C8 /* PMTheme.h */,
				C3ADF5A01E1A215600CCB7C8 /* PMThemeEngine.h */,
				C3ADF5A11E1A215600CCB7C8 /* PMThemeEngine.m */,
				C3ADF5A21E1A215600CCB7C8 /* PMThemeShadow.h */,
				C3ADF5A31E1A215600CCB7C8 /* PMThemeShadow.m */,
			);
			name = Theme;
			sourceTree = "<group>";
		};
		C3DA38281E16F5AC00E1AB83 = {
			isa = PBXGroup;
			children = (
				C3DA38331E16F5AC00E1AB83 /* HotelTree */,
				C3DA38321E16F5AC00E1AB83 /* Products */,
				A279DA5B8C765CBA65D4E1CF /* Pods */,
				0C5A69AC0C3370E23F09137F /* Frameworks */,
			);
			sourceTree = "<group>";
		};
		C3DA38321E16F5AC00E1AB83 /* Products */ = {
			isa = PBXGroup;
			children = (
				C3DA38311E16F5AC00E1AB83 /* HotelTree.app */,
			);
			name = Products;
			sourceTree = "<group>";
		};
		C3DA38331E16F5AC00E1AB83 /* HotelTree */ = {
			isa = PBXGroup;
			children = (
				C3DA38371E16F5AC00E1AB83 /* AppDelegate.h */,
				C3DA38381E16F5AC00E1AB83 /* AppDelegate.m */,
				C3ADF5AC1E1A215F00CCB7C8 /* Calendar */,
				C3DA39051E18B73600E1AB83 /* Manager */,
				C3DA38E51E18B60000E1AB83 /* Model */,
				C3DA38B71E18520B00E1AB83 /* View */,
				C3DA385C1E175C9300E1AB83 /* Controller */,
				C3DA38581E175BA800E1AB83 /* Animation */,
				C3DA383D1E16F5AC00E1AB83 /* Main.storyboard */,
				C3DA385D1E175D1800E1AB83 /* splash.gif */,
				C3DA38751E176C5A00E1AB83 /* loginBack.gif */,
				C3ADF5D21E1B821F00CCB7C8 /* background.gif */,
				C3ADF5C81E1B38DC00CCB7C8 /* adv0.gif */,
				C3ADF5C31E1B35E500CCB7C8 /* adv1.gif */,
				C3ADF5C41E1B35E500CCB7C8 /* adv2.gif */,
				C3DA38421E16F5AC00E1AB83 /* LaunchScreen.storyboard */,
				C3DA38451E16F5AC00E1AB83 /* Info.plist */,
				C3ADF5CC1E1B7A5000CCB7C8 /* Assets.xcassets */,
				C3DA38A71E17738F00E1AB83 /* images */,
				C3DA38341E16F5AC00E1AB83 /* Supporting Files */,
			);
			path = HotelTree;
			sourceTree = "<group>";
		};
		C3DA38341E16F5AC00E1AB83 /* Supporting Files */ = {
			isa = PBXGroup;
			children = (
				C3ADF5B51E1A21A200CCB7C8 /* NSDate+Helpers.h */,
				C3ADF5B61E1A21A200CCB7C8 /* NSDate+Helpers.m */,
				C3DA385A1E175C6F00E1AB83 /* UIImageView+GIF.m */,
				C3DA38591E175C6F00E1AB83 /* UIImageView+GIF.h */,
				C3ADF58A1E1975C100CCB7C8 /* MKMapView+regionMap.h */,
				C3ADF58B1E1975C100CCB7C8 /* MKMapView+regionMap.m */,
				C3DA38351E16F5AC00E1AB83 /* main.m */,
			);
			name = "Supporting Files";
			sourceTree = "<group>";
		};
		C3DA38581E175BA800E1AB83 /* Animation */ = {
			isa = PBXGroup;
			children = (
				C3DA384F1E17538000E1AB83 /* SplashTitleAnimationView.h */,
				C3DA38501E17538000E1AB83 /* SplashTitleAnimationView.m */,
			);
			name = Animation;
			sourceTree = "<group>";
		};
		C3DA385C1E175C9300E1AB83 /* Controller */ = {
			isa = PBXGroup;
			children = (
				C3DA38A41E17737100E1AB83 /* SplashViewController.m */,
				C3DA38A51E17737100E1AB83 /* SplashViewController.h */,
				C3DA385F1E17627F00E1AB83 /* ResetViewController.h */,
				C3DA38601E17627F00E1AB83 /* ResetViewController.m */,
				C3DA38611E17627F00E1AB83 /* ForgotPwdVC.h */,
				C3DA38621E17627F00E1AB83 /* ForgotPwdVC.m */,
				C3DA38631E17627F00E1AB83 /* RegisterViewController.h */,
				C3DA38641E17627F00E1AB83 /* RegisterViewController.m */,
				C3DA38651E17627F00E1AB83 /* LoginViewController.h */,
				C3DA38661E17627F00E1AB83 /* LoginViewController.m */,
				C3DA38B31E18501E00E1AB83 /* CustomiseNavController.h */,
				C3DA38B41E18501E00E1AB83 /* CustomiseNavController.m */,
				C3DA38C11E186CA700E1AB83 /* HomeViewController.h */,
				C3DA38C21E186CA700E1AB83 /* HomeViewController.m */,
				C3DA38C41E186CBD00E1AB83 /* ListViewController.h */,
				C3DA38C51E186CBD00E1AB83 /* ListViewController.m */,
				C3ADF5BC1E1AECE000CCB7C8 /* DetailViewController.h */,
				C3ADF5BD1E1AECE000CCB7C8 /* DetailViewController.m */,
				C3DA38E91E18B66A00E1AB83 /* OrderConfirmViewController.h */,
				C3DA38EA1E18B66A00E1AB83 /* OrderConfirmViewController.m */,
				C3DA38EB1E18B66A00E1AB83 /* PaymentConfirmViewController.h */,
				C3DA38EC1E18B66A00E1AB83 /* PaymentConfirmViewController.m */,
				C3ADF5811E19728E00CCB7C8 /* MapViewController.h */,
				C3ADF5821E19728E00CCB7C8 /* MapViewController.m */,
				C3ADF5B91E1A23CB00CCB7C8 /* RequirementViewController.h */,
				C3ADF5BA1E1A23CB00CCB7C8 /* RequirementViewController.m */,
				C3ADF57D1E19636500CCB7C8 /* UserSearchResultViewController.h */,
				C3ADF57E1E19636500CCB7C8 /* UserSearchResultViewController.m */,
			);
			name = Controller;
			sourceTree = "<group>";
		};
		C3DA38A71E17738F00E1AB83 /* images */ = {
			isa = PBXGroup;
			children = (
				C3DA38A81E17738F00E1AB83 /* title1.png */,
				C3DA38A91E17738F00E1AB83 /* title2.png */,
				C3DA38AA1E17738F00E1AB83 /* title3.png */,
			);
			path = images;
			sourceTree = "<group>";
		};
		C3DA38B71E18520B00E1AB83 /* View */ = {
			isa = PBXGroup;
			children = (
				C3ADF5841E19738C00CCB7C8 /* Annotation.h */,
				C3ADF5851E19738C00CCB7C8 /* Annotation.m */,
				C3DA38B91E18527400E1AB83 /* UIColor+Hexadecimal.h */,
				C3DA38BA1E18527400E1AB83 /* UIColor+Hexadecimal.m */,
				C3DA38BC1E18563400E1AB83 /* UINavigationBar+Addition.h */,
				C3DA38BD1E18563400E1AB83 /* UINavigationBar+Addition.m */,
				C3DA38CD1E18722300E1AB83 /* HomeTableCell.h */,
				C3DA38CE1E18722300E1AB83 /* HomeTableCell.m */,
				C3DA38D01E18723B00E1AB83 /* ListTableCell.h */,
				C3DA38D11E18723B00E1AB83 /* ListTableCell.m */,
			);
			name = View;
			sourceTree = "<group>";
		};
		C3DA38E51E18B60000E1AB83 /* Model */ = {
			isa = PBXGroup;
			children = (
				C3DA38DA1E18B5FC00E1AB83 /* User.h */,
				C3DA38DB1E18B5FC00E1AB83 /* User.m */,
				C3DA38DC1E18B5FC00E1AB83 /* Hotel.h */,
				C3DA38DD1E18B5FC00E1AB83 /* Hotel.m */,
				C3DA38DE1E18B5FC00E1AB83 /* Order.h */,
				C3DA38DF1E18B5FC00E1AB83 /* Order.m */,
				C3ADF5BF1E1B2B3D00CCB7C8 /* History.h */,
				C3ADF5C01E1B2B3D00CCB7C8 /* History.m */,
			);
			name = Model;
			sourceTree = "<group>";
		};
		C3DA39051E18B73600E1AB83 /* Manager */ = {
			isa = PBXGroup;
			children = (
				C3ADF57B1E19636500CCB7C8 /* SearchManager.h */,
				C3ADF57C1E19636500CCB7C8 /* SearchManager.m */,
				C3DA38E61E18B63E00E1AB83 /* SQLiteManager.h */,
				C3DA38E71E18B63E00E1AB83 /* SQLiteManager.m */,
				C3DA38F91E18B6F900E1AB83 /* WebCommunicatioin.h */,
				C3DA38FA1E18B6F900E1AB83 /* WebService.h */,
				C3DA38FB1E18B6F900E1AB83 /* WebService.m */,
				C3DA38FC1E18B6F900E1AB83 /* WebServiceProvider.h */,
				C3DA38FD1E18B6F900E1AB83 /* WebServiceProvider.m */,
				C3DA38D81E18B5FC00E1AB83 /* ModelManager.h */,
				C3DA38D91E18B5FC00E1AB83 /* ModelManager.m */,
				C3DA38D61E18B5FC00E1AB83 /* ImageStoreManager.h */,
				C3DA38D71E18B5FC00E1AB83 /* ImageStoreManager.m */,
				C3ADF58D1E1A1A3600CCB7C8 /* SortManager.h */,
				C3ADF58E1E1A1A3600CCB7C8 /* SortManager.m */,
			);
			name = Manager;
			sourceTree = "<group>";
		};
/* End PBXGroup section */

/* Begin PBXNativeTarget section */
		C3DA38301E16F5AC00E1AB83 /* HotelTree */ = {
			isa = PBXNativeTarget;
			buildConfigurationList = C3DA38481E16F5AC00E1AB83 /* Build configuration list for PBXNativeTarget "HotelTree" */;
			buildPhases = (
				15E18BECE95BEA444D21D008 /* [CP] Check Pods Manifest.lock */,
				C3DA382D1E16F5AC00E1AB83 /* Sources */,
				C3DA382E1E16F5AC00E1AB83 /* Frameworks */,
				C3DA382F1E16F5AC00E1AB83 /* Resources */,
				7A4BD7408873C26E7F1E4D5C /* [CP] Embed Pods Frameworks */,
				D47056555972FB4F65DCC17A /* [CP] Copy Pods Resources */,
			);
			buildRules = (
			);
			dependencies = (
			);
			name = HotelTree;
			productName = HotelTree;
			productReference = C3DA38311E16F5AC00E1AB83 /* HotelTree.app */;
			productType = "com.apple.product-type.application";
		};
/* End PBXNativeTarget section */

/* Begin PBXProject section */
		C3DA38291E16F5AC00E1AB83 /* Project object */ = {
			isa = PBXProject;
			attributes = {
				LastUpgradeCheck = 0820;
				ORGANIZATIONNAME = RJT;
				TargetAttributes = {
					C3DA38301E16F5AC00E1AB83 = {
						CreatedOnToolsVersion = 8.2.1;
						DevelopmentTeam = 6N5G84BXLR;
						ProvisioningStyle = Automatic;
					};
				};
			};
			buildConfigurationList = C3DA382C1E16F5AC00E1AB83 /* Build configuration list for PBXProject "HotelTree" */;
			compatibilityVersion = "Xcode 3.2";
			developmentRegion = English;
			hasScannedForEncodings = 0;
			knownRegions = (
				en,
				Base,
			);
			mainGroup = C3DA38281E16F5AC00E1AB83;
			productRefGroup = C3DA38321E16F5AC00E1AB83 /* Products */;
			projectDirPath = "";
			projectRoot = "";
			targets = (
				C3DA38301E16F5AC00E1AB83 /* HotelTree */,
			);
		};
/* End PBXProject section */

/* Begin PBXResourcesBuildPhase section */
		C3DA382F1E16F5AC00E1AB83 /* Resources */ = {
			isa = PBXResourcesBuildPhase;
			buildActionMask = 2147483647;
			files = (
				C3DA38441E16F5AC00E1AB83 /* LaunchScreen.storyboard in Resources */,
				C3ADF5B31E1A218800CCB7C8 /* background@2x.png in Resources */,
				C3ADF5D31E1B821F00CCB7C8 /* background.gif in Resources */,
				C3ADF5B21E1A218800CCB7C8 /* background.png in Resources */,
				C3ADF5C61E1B35E500CCB7C8 /* adv1.gif in Resources */,
				C3ADF5CD1E1B7A5000CCB7C8 /* Assets.xcassets in Resources */,
				C3DA385E1E175D1800E1AB83 /* splash.gif in Resources */,
				C3DA38AD1E17738F00E1AB83 /* title3.png in Resources */,
				C3DA38761E176C5A00E1AB83 /* loginBack.gif in Resources */,
				C3ADF5C91E1B38DC00CCB7C8 /* adv0.gif in Resources */,
				C3ADF5C71E1B35E500CCB7C8 /* adv2.gif in Resources */,
				C3DA38AC1E17738F00E1AB83 /* title2.png in Resources */,
				C3DA38AB1E17738F00E1AB83 /* title1.png in Resources */,
				C3ADF5B41E1A218800CCB7C8 /* default.plist in Resources */,
				C3ADF5B11E1A218800CCB7C8 /* apple calendar.plist in Resources */,
				C3DA383F1E16F5AC00E1AB83 /* Main.storyboard in Resources */,
			);
			runOnlyForDeploymentPostprocessing = 0;
		};
/* End PBXResourcesBuildPhase section */

/* Begin PBXShellScriptBuildPhase section */
		15E18BECE95BEA444D21D008 /* [CP] Check Pods Manifest.lock */ = {
			isa = PBXShellScriptBuildPhase;
			buildActionMask = 2147483647;
			files = (
			);
			inputPaths = (
			);
			name = "[CP] Check Pods Manifest.lock";
			outputPaths = (
			);
			runOnlyForDeploymentPostprocessing = 0;
			shellPath = /bin/sh;
			shellScript = "diff \"${PODS_ROOT}/../Podfile.lock\" \"${PODS_ROOT}/Manifest.lock\" > /dev/null\nif [ $? != 0 ] ; then\n    # print error to STDERR\n    echo \"error: The sandbox is not in sync with the Podfile.lock. Run 'pod install' or update your CocoaPods installation.\" >&2\n    exit 1\nfi\n";
			showEnvVarsInLog = 0;
		};
		7A4BD7408873C26E7F1E4D5C /* [CP] Embed Pods Frameworks */ = {
			isa = PBXShellScriptBuildPhase;
			buildActionMask = 2147483647;
			files = (
			);
			inputPaths = (
			);
			name = "[CP] Embed Pods Frameworks";
			outputPaths = (
			);
			runOnlyForDeploymentPostprocessing = 0;
			shellPath = /bin/sh;
			shellScript = "\"${SRCROOT}/Pods/Target Support Files/Pods-HotelTree/Pods-HotelTree-frameworks.sh\"\n";
			showEnvVarsInLog = 0;
		};
		D47056555972FB4F65DCC17A /* [CP] Copy Pods Resources */ = {
			isa = PBXShellScriptBuildPhase;
			buildActionMask = 2147483647;
			files = (
			);
			inputPaths = (
			);
			name = "[CP] Copy Pods Resources";
			outputPaths = (
			);
			runOnlyForDeploymentPostprocessing = 0;
			shellPath = /bin/sh;
			shellScript = "\"${SRCROOT}/Pods/Target Support Files/Pods-HotelTree/Pods-HotelTree-resources.sh\"\n";
			showEnvVarsInLog = 0;
		};
/* End PBXShellScriptBuildPhase section */

/* Begin PBXSourcesBuildPhase section */
		C3DA382D1E16F5AC00E1AB83 /* Sources */ = {
			isa = PBXSourcesBuildPhase;
			buildActionMask = 2147483647;
			files = (
				C3ADF5A61E1A215600CCB7C8 /* PMCalendarView.m in Sources */,
				C3DA38E01E18B5FC00E1AB83 /* ImageStoreManager.m in Sources */,
				C3DA38ED1E18B66A00E1AB83 /* OrderConfirmViewController.m in Sources */,
				C3ADF5831E19728E00CCB7C8 /* MapViewController.m in Sources */,
				C3ADF5861E19738C00CCB7C8 /* Annotation.m in Sources */,
				C3DA38EE1E18B66A00E1AB83 /* PaymentConfirmViewController.m in Sources */,
				C3DA38BB1E18527400E1AB83 /* UIColor+Hexadecimal.m in Sources */,
				C3ADF5BE1E1AECE000CCB7C8 /* DetailViewController.m in Sources */,
				C3DA39041E18B6F900E1AB83 /* WebServiceProvider.m in Sources */,
				C3ADF57F1E19636500CCB7C8 /* SearchManager.m in Sources */,
				C3DA38681E17627F00E1AB83 /* ForgotPwdVC.m in Sources */,
				C3ADF5801E19636500CCB7C8 /* UserSearchResultViewController.m in Sources */,
				C3DA38C61E186CBD00E1AB83 /* ListViewController.m in Sources */,
				C3ADF5AA1E1A215600CCB7C8 /* PMThemeEngine.m in Sources */,
				C3DA38E31E18B5FC00E1AB83 /* Hotel.m in Sources */,
				C3ADF5BB1E1A23CB00CCB7C8 /* RequirementViewController.m in Sources */,
				C3ADF5A51E1A215600CCB7C8 /* PMCalendarController.m in Sources */,
				C3DA38511E17538000E1AB83 /* SplashTitleAnimationView.m in Sources */,
				C3DA38B51E18501E00E1AB83 /* CustomiseNavController.m in Sources */,
				C3ADF58F1E1A1A3600CCB7C8 /* SortManager.m in Sources */,
				C3DA38E21E18B5FC00E1AB83 /* User.m in Sources */,
				C3DA38E41E18B5FC00E1AB83 /* Order.m in Sources */,
				C3ADF5A41E1A215600CCB7C8 /* PMCalendarBackgroundView.m in Sources */,
				C3DA38BE1E18563400E1AB83 /* UINavigationBar+Addition.m in Sources */,
				C3ADF5AB1E1A215600CCB7C8 /* PMThemeShadow.m in Sources */,
				C3DA38391E16F5AC00E1AB83 /* AppDelegate.m in Sources */,
				C3DA38671E17627F00E1AB83 /* ResetViewController.m in Sources */,
				C3ADF5A71E1A215600CCB7C8 /* PMDimmingView.m in Sources */,
				C3ADF5A91E1A215600CCB7C8 /* PMSelectionView.m in Sources */,
				C3DA38361E16F5AC00E1AB83 /* main.m in Sources */,
				C3DA38A61E17737100E1AB83 /* SplashViewController.m in Sources */,
				C3DA39031E18B6F900E1AB83 /* WebService.m in Sources */,
				C3DA38E11E18B5FC00E1AB83 /* ModelManager.m in Sources */,
				C3DA38CF1E18722300E1AB83 /* HomeTableCell.m in Sources */,
				C3DA386A1E17627F00E1AB83 /* LoginViewController.m in Sources */,
				C3ADF5B71E1A21A200CCB7C8 /* NSDate+Helpers.m in Sources */,
				C3DA385B1E175C6F00E1AB83 /* UIImageView+GIF.m in Sources */,
				C3ADF5A81E1A215600CCB7C8 /* PMPeriod.m in Sources */,
				C3ADF5C11E1B2B3D00CCB7C8 /* History.m in Sources */,
				C3ADF58C1E1975C100CCB7C8 /* MKMapView+regionMap.m in Sources */,
				C3DA38691E17627F00E1AB83 /* RegisterViewController.m in Sources */,
				C3DA38D21E18723B00E1AB83 /* ListTableCell.m in Sources */,
				C3DA38C31E186CA700E1AB83 /* HomeViewController.m in Sources */,
				C3DA38E81E18B63E00E1AB83 /* SQLiteManager.m in Sources */,
			);
			runOnlyForDeploymentPostprocessing = 0;
		};
/* End PBXSourcesBuildPhase section */

/* Begin PBXVariantGroup section */
		C3DA383D1E16F5AC00E1AB83 /* Main.storyboard */ = {
			isa = PBXVariantGroup;
			children = (
				C3DA383E1E16F5AC00E1AB83 /* Base */,
			);
			name = Main.storyboard;
			sourceTree = "<group>";
		};
		C3DA38421E16F5AC00E1AB83 /* LaunchScreen.storyboard */ = {
			isa = PBXVariantGroup;
			children = (
				C3DA38431E16F5AC00E1AB83 /* Base */,
			);
			name = LaunchScreen.storyboard;
			sourceTree = "<group>";
		};
/* End PBXVariantGroup section */

/* Begin XCBuildConfiguration section */
		C3DA38461E16F5AC00E1AB83 /* Debug */ = {
			isa = XCBuildConfiguration;
			buildSettings = {
				ALWAYS_SEARCH_USER_PATHS = NO;
				CLANG_ANALYZER_NONNULL = YES;
				CLANG_CXX_LANGUAGE_STANDARD = "gnu++0x";
				CLANG_CXX_LIBRARY = "libc++";
				CLANG_ENABLE_MODULES = YES;
				CLANG_ENABLE_OBJC_ARC = YES;
				CLANG_WARN_BOOL_CONVERSION = YES;
				CLANG_WARN_CONSTANT_CONVERSION = YES;
				CLANG_WARN_DIRECT_OBJC_ISA_USAGE = YES_ERROR;
				CLANG_WARN_DOCUMENTATION_COMMENTS = YES;
				CLANG_WARN_EMPTY_BODY = YES;
				CLANG_WARN_ENUM_CONVERSION = YES;
				CLANG_WARN_INFINITE_RECURSION = YES;
				CLANG_WARN_INT_CONVERSION = YES;
				CLANG_WARN_OBJC_ROOT_CLASS = YES_ERROR;
				CLANG_WARN_SUSPICIOUS_MOVE = YES;
				CLANG_WARN_UNREACHABLE_CODE = YES;
				CLANG_WARN__DUPLICATE_METHOD_MATCH = YES;
				"CODE_SIGN_IDENTITY[sdk=iphoneos*]" = "iPhone Developer";
				COPY_PHASE_STRIP = NO;
				DEBUG_INFORMATION_FORMAT = dwarf;
				ENABLE_STRICT_OBJC_MSGSEND = YES;
				ENABLE_TESTABILITY = YES;
				GCC_C_LANGUAGE_STANDARD = gnu99;
				GCC_DYNAMIC_NO_PIC = NO;
				GCC_NO_COMMON_BLOCKS = YES;
				GCC_OPTIMIZATION_LEVEL = 0;
				GCC_PREPROCESSOR_DEFINITIONS = (
					"DEBUG=1",
					"$(inherited)",
				);
				GCC_WARN_64_TO_32_BIT_CONVERSION = YES;
				GCC_WARN_ABOUT_RETURN_TYPE = YES_ERROR;
				GCC_WARN_UNDECLARED_SELECTOR = YES;
				GCC_WARN_UNINITIALIZED_AUTOS = YES_AGGRESSIVE;
				GCC_WARN_UNUSED_FUNCTION = YES;
				GCC_WARN_UNUSED_VARIABLE = YES;
				IPHONEOS_DEPLOYMENT_TARGET = 10.2;
				MTL_ENABLE_DEBUG_INFO = YES;
				ONLY_ACTIVE_ARCH = YES;
				SDKROOT = iphoneos;
				TARGETED_DEVICE_FAMILY = "1,2";
			};
			name = Debug;
		};
		C3DA38471E16F5AC00E1AB83 /* Release */ = {
			isa = XCBuildConfiguration;
			buildSettings = {
				ALWAYS_SEARCH_USER_PATHS = NO;
				CLANG_ANALYZER_NONNULL = YES;
				CLANG_CXX_LANGUAGE_STANDARD = "gnu++0x";
				CLANG_CXX_LIBRARY = "libc++";
				CLANG_ENABLE_MODULES = YES;
				CLANG_ENABLE_OBJC_ARC = YES;
				CLANG_WARN_BOOL_CONVERSION = YES;
				CLANG_WARN_CONSTANT_CONVERSION = YES;
				CLANG_WARN_DIRECT_OBJC_ISA_USAGE = YES_ERROR;
				CLANG_WARN_DOCUMENTATION_COMMENTS = YES;
				CLANG_WARN_EMPTY_BODY = YES;
				CLANG_WARN_ENUM_CONVERSION = YES;
				CLANG_WARN_INFINITE_RECURSION = YES;
				CLANG_WARN_INT_CONVERSION = YES;
				CLANG_WARN_OBJC_ROOT_CLASS = YES_ERROR;
				CLANG_WARN_SUSPICIOUS_MOVE = YES;
				CLANG_WARN_UNREACHABLE_CODE = YES;
				CLANG_WARN__DUPLICATE_METHOD_MATCH = YES;
				"CODE_SIGN_IDENTITY[sdk=iphoneos*]" = "iPhone Developer";
				COPY_PHASE_STRIP = NO;
				DEBUG_INFORMATION_FORMAT = "dwarf-with-dsym";
				ENABLE_NS_ASSERTIONS = NO;
				ENABLE_STRICT_OBJC_MSGSEND = YES;
				GCC_C_LANGUAGE_STANDARD = gnu99;
				GCC_NO_COMMON_BLOCKS = YES;
				GCC_WARN_64_TO_32_BIT_CONVERSION = YES;
				GCC_WARN_ABOUT_RETURN_TYPE = YES_ERROR;
				GCC_WARN_UNDECLARED_SELECTOR = YES;
				GCC_WARN_UNINITIALIZED_AUTOS = YES_AGGRESSIVE;
				GCC_WARN_UNUSED_FUNCTION = YES;
				GCC_WARN_UNUSED_VARIABLE = YES;
				IPHONEOS_DEPLOYMENT_TARGET = 10.2;
				MTL_ENABLE_DEBUG_INFO = NO;
				SDKROOT = iphoneos;
				TARGETED_DEVICE_FAMILY = "1,2";
				VALIDATE_PRODUCT = YES;
			};
			name = Release;
		};
		C3DA38491E16F5AC00E1AB83 /* Debug */ = {
			isa = XCBuildConfiguration;
			baseConfigurationReference = 0B6A92A0508B1EB474A6EC72 /* Pods-HotelTree.debug.xcconfig */;
			buildSettings = {
				ASSETCATALOG_COMPILER_APPICON_NAME = AppIcon;
				DEVELOPMENT_TEAM = 6N5G84BXLR;
				FRAMEWORK_SEARCH_PATHS = (
					"$(inherited)",
					"$(PROJECT_DIR)",
				);
				INFOPLIST_FILE = HotelTree/Info.plist;
				LD_RUNPATH_SEARCH_PATHS = "$(inherited) @executable_path/Frameworks";
				PRODUCT_BUNDLE_IDENTIFIER = INCH.HotelTree;
				PRODUCT_NAME = "$(TARGET_NAME)";
			};
			name = Debug;
		};
		C3DA384A1E16F5AC00E1AB83 /* Release */ = {
			isa = XCBuildConfiguration;
			baseConfigurationReference = 56D05E330B7EE64E6E7DAEB2 /* Pods-HotelTree.release.xcconfig */;
			buildSettings = {
				ASSETCATALOG_COMPILER_APPICON_NAME = AppIcon;
				DEVELOPMENT_TEAM = 6N5G84BXLR;
				FRAMEWORK_SEARCH_PATHS = (
					"$(inherited)",
					"$(PROJECT_DIR)",
				);
				INFOPLIST_FILE = HotelTree/Info.plist;
				LD_RUNPATH_SEARCH_PATHS = "$(inherited) @executable_path/Frameworks";
				PRODUCT_BUNDLE_IDENTIFIER = INCH.HotelTree;
				PRODUCT_NAME = "$(TARGET_NAME)";
			};
			name = Release;
		};
/* End XCBuildConfiguration section */

/* Begin XCConfigurationList section */
		C3DA382C1E16F5AC00E1AB83 /* Build configuration list for PBXProject "HotelTree" */ = {
			isa = XCConfigurationList;
			buildConfigurations = (
				C3DA38461E16F5AC00E1AB83 /* Debug */,
				C3DA38471E16F5AC00E1AB83 /* Release */,
			);
			defaultConfigurationIsVisible = 0;
			defaultConfigurationName = Release;
		};
		C3DA38481E16F5AC00E1AB83 /* Build configuration list for PBXNativeTarget "HotelTree" */ = {
			isa = XCConfigurationList;
			buildConfigurations = (
				C3DA38491E16F5AC00E1AB83 /* Debug */,
				C3DA384A1E16F5AC00E1AB83 /* Release */,
			);
			defaultConfigurationIsVisible = 0;
			defaultConfigurationName = Release;
		};
/* End XCConfigurationList section */
	};
	rootObject = C3DA38291E16F5AC00E1AB83 /* Project object */;
}
